<?xml version="1.0" encoding="utf-8"?>
<Project ToolsVersion="4.0" xmlns="http://schemas.microsoft.com/developer/msbuild/2003">
  <ItemGroup>
    <ClCompile Include="InitShader.cpp" />
    <ClCompile Include="LoadMesh.cpp" />
    <ClCompile Include="LoadTexture.cpp" />
    <ClCompile Include="Gui demo.cpp" />
    <ClCompile Include="include\imgui\imgui.cpp">
      <Filter>imgui</Filter>
    </ClCompile>
    <ClCompile Include="include\imgui\imgui_demo.cpp">
      <Filter>imgui</Filter>
    </ClCompile>
    <ClCompile Include="include\imgui\imgui_draw.cpp">
      <Filter>imgui</Filter>
    </ClCompile>
    <ClCompile Include="include\imgui\imgui_impl_glut.cpp">
      <Filter>imgui</Filter>
    </ClCompile>
  </ItemGroup>
  <ItemGroup>
    <ClInclude Include="include\imgui\imconfig.h" />
    <ClInclude Include="InitShader.h" />
    <ClInclude Include="LoadMesh.h" />
    <ClInclude Include="LoadTexture.h" />
    <ClInclude Include="include\imgui\imgui.h">
      <Filter>imgui</Filter>
    </ClInclude>
    <ClInclude Include="include\imgui\imgui_impl_glut.h">
      <Filter>imgui</Filter>
    </ClInclude>
    <ClInclude Include="include\imgui\imgui_internal.h">
      <Filter>imgui</Filter>
    </ClInclude>
    <ClInclude Include="include\imgui\stb_rect_pack.h">
      <Filter>imgui</Filter>
    </ClInclude>
    <ClInclude Include="include\imgui\stb_textedit.h">
      <Filter>imgui</Filter>
    </ClInclude>
    <ClInclude Include="include\imgui\stb_truetype.h">
      <Filter>imgui</Filter>
    </ClInclude>
  </ItemGroup>
  <ItemGroup>
    <None Include="gui_demo_fs.glsl" />
    <None Include="gui_demo_vs.glsl" />
  </ItemGroup>
  <ItemGroup>
    <Filter Include="imgui">
      <UniqueIdentifier>{9af1a19f-5264-49df-9655-5716798e96f6}</UniqueIdentifier>
    </Filter>
  </ItemGroup>
</Project>